// !$*UTF8*$!
{
	archiveVersion = 1;
	classes = {
	};
	objectVersion = 46;
	objects = {

/* Begin PBXBuildFile section */
		A349B9BF1F616771003B01B1 /* Constants.swift in Sources */ = {isa = PBXBuildFile; fileRef = A349B9BE1F616771003B01B1 /* Constants.swift */; };
		A349B9C11F61686F003B01B1 /* FlickrClient.swift in Sources */ = {isa = PBXBuildFile; fileRef = A349B9C01F61686F003B01B1 /* FlickrClient.swift */; };
		A349B9DB1F6182E2003B01B1 /* CoreData.framework in Frameworks */ = {isa = PBXBuildFile; fileRef = A349B9DA1F6182E2003B01B1 /* CoreData.framework */; };
		A349B9E81F618472003B01B1 /* Photo+CoreDataClass.swift in Sources */ = {isa = PBXBuildFile; fileRef = A349B9E41F618472003B01B1 /* Photo+CoreDataClass.swift */; };
		A349B9E91F618472003B01B1 /* Photo+CoreDataProperties.swift in Sources */ = {isa = PBXBuildFile; fileRef = A349B9E51F618472003B01B1 /* Photo+CoreDataProperties.swift */; };
		A349B9EA1F618472003B01B1 /* Pin+CoreDataClass.swift in Sources */ = {isa = PBXBuildFile; fileRef = A349B9E61F618472003B01B1 /* Pin+CoreDataClass.swift */; };
		A349B9EB1F618472003B01B1 /* Pin+CoreDataProperties.swift in Sources */ = {isa = PBXBuildFile; fileRef = A349B9E71F618472003B01B1 /* Pin+CoreDataProperties.swift */; };
		A349B9ED1F618BC7003B01B1 /* CoreDataStack.swift in Sources */ = {isa = PBXBuildFile; fileRef = A349B9EC1F618BC7003B01B1 /* CoreDataStack.swift */; };
		A349B9EF1F618C50003B01B1 /* TouristManager.swift in Sources */ = {isa = PBXBuildFile; fileRef = A349B9EE1F618C50003B01B1 /* TouristManager.swift */; };
		A349B9F21F61946D003B01B1 /* AlbumPin.swift in Sources */ = {isa = PBXBuildFile; fileRef = A349B9F11F61946D003B01B1 /* AlbumPin.swift */; };
		A349B9F41F61C25C003B01B1 /* PhotoAlbumViewController.swift in Sources */ = {isa = PBXBuildFile; fileRef = A349B9F31F61C25C003B01B1 /* PhotoAlbumViewController.swift */; };
		A349B9F61F61CF7D003B01B1 /* Dialogs.swift in Sources */ = {isa = PBXBuildFile; fileRef = A349B9F51F61CF7D003B01B1 /* Dialogs.swift */; };
		A349B9F81F64C478003B01B1 /* PhotoViewCell.swift in Sources */ = {isa = PBXBuildFile; fileRef = A349B9F71F64C478003B01B1 /* PhotoViewCell.swift */; };
		A38715501F5F8103004E0AB0 /* AppDelegate.swift in Sources */ = {isa = PBXBuildFile; fileRef = A387154F1F5F8103004E0AB0 /* AppDelegate.swift */; };
		A38715521F5F8103004E0AB0 /* MapViewController.swift in Sources */ = {isa = PBXBuildFile; fileRef = A38715511F5F8103004E0AB0 /* MapViewController.swift */; };
		A38715551F5F8103004E0AB0 /* Main.storyboard in Resources */ = {isa = PBXBuildFile; fileRef = A38715531F5F8103004E0AB0 /* Main.storyboard */; };
		A38715581F5F8103004E0AB0 /* Virtual_Tourist.xcdatamodeld in Sources */ = {isa = PBXBuildFile; fileRef = A38715561F5F8103004E0AB0 /* Virtual_Tourist.xcdatamodeld */; };
		A387155A1F5F8103004E0AB0 /* Assets.xcassets in Resources */ = {isa = PBXBuildFile; fileRef = A38715591F5F8103004E0AB0 /* Assets.xcassets */; };
		A387155D1F5F8103004E0AB0 /* LaunchScreen.storyboard in Resources */ = {isa = PBXBuildFile; fileRef = A387155B1F5F8103004E0AB0 /* LaunchScreen.storyboard */; };
		A38715681F5F82CD004E0AB0 /* MapKit.framework in Frameworks */ = {isa = PBXBuildFile; fileRef = A38715671F5F82CD004E0AB0 /* MapKit.framework */; };
/* End PBXBuildFile section */

/* Begin PBXFileReference section */
		A349B9BE1F616771003B01B1 /* Constants.swift */ = {isa = PBXFileReference; fileEncoding = 4; lastKnownFileType = sourcecode.swift; name = Constants.swift; path = Model/Constants.swift; sourceTree = "<group>"; };
		A349B9C01F61686F003B01B1 /* FlickrClient.swift */ = {isa = PBXFileReference; fileEncoding = 4; lastKnownFileType = sourcecode.swift; name = FlickrClient.swift; path = Model/FlickrClient.swift; sourceTree = "<group>"; };
		A349B9DA1F6182E2003B01B1 /* CoreData.framework */ = {isa = PBXFileReference; lastKnownFileType = wrapper.framework; name = CoreData.framework; path = System/Library/Frameworks/CoreData.framework; sourceTree = SDKROOT; };
		A349B9E41F618472003B01B1 /* Photo+CoreDataClass.swift */ = {isa = PBXFileReference; fileEncoding = 4; lastKnownFileType = sourcecode.swift; name = "Photo+CoreDataClass.swift"; path = "Model/Photo+CoreDataClass.swift"; sourceTree = "<group>"; };
		A349B9E51F618472003B01B1 /* Photo+CoreDataProperties.swift */ = {isa = PBXFileReference; fileEncoding = 4; lastKnownFileType = sourcecode.swift; name = "Photo+CoreDataProperties.swift"; path = "Model/Photo+CoreDataProperties.swift"; sourceTree = "<group>"; };
		A349B9E61F618472003B01B1 /* Pin+CoreDataClass.swift */ = {isa = PBXFileReference; fileEncoding = 4; lastKnownFileType = sourcecode.swift; name = "Pin+CoreDataClass.swift"; path = "Model/Pin+CoreDataClass.swift"; sourceTree = "<group>"; };
		A349B9E71F618472003B01B1 /* Pin+CoreDataProperties.swift */ = {isa = PBXFileReference; fileEncoding = 4; lastKnownFileType = sourcecode.swift; name = "Pin+CoreDataProperties.swift"; path = "Model/Pin+CoreDataProperties.swift"; sourceTree = "<group>"; };
		A349B9EC1F618BC7003B01B1 /* CoreDataStack.swift */ = {isa = PBXFileReference; fileEncoding = 4; lastKnownFileType = sourcecode.swift; name = CoreDataStack.swift; path = Model/CoreDataStack.swift; sourceTree = "<group>"; };
		A349B9EE1F618C50003B01B1 /* TouristManager.swift */ = {isa = PBXFileReference; fileEncoding = 4; lastKnownFileType = sourcecode.swift; name = TouristManager.swift; path = Model/TouristManager.swift; sourceTree = "<group>"; };
		A349B9F11F61946D003B01B1 /* AlbumPin.swift */ = {isa = PBXFileReference; fileEncoding = 4; lastKnownFileType = sourcecode.swift; name = AlbumPin.swift; path = View/AlbumPin.swift; sourceTree = "<group>"; };
		A349B9F31F61C25C003B01B1 /* PhotoAlbumViewController.swift */ = {isa = PBXFileReference; fileEncoding = 4; lastKnownFileType = sourcecode.swift; path = PhotoAlbumViewController.swift; sourceTree = "<group>"; };
		A349B9F51F61CF7D003B01B1 /* Dialogs.swift */ = {isa = PBXFileReference; fileEncoding = 4; lastKnownFileType = sourcecode.swift; name = Dialogs.swift; path = View/Dialogs.swift; sourceTree = "<group>"; };
		A349B9F71F64C478003B01B1 /* PhotoViewCell.swift */ = {isa = PBXFileReference; fileEncoding = 4; lastKnownFileType = sourcecode.swift; name = PhotoViewCell.swift; path = View/PhotoViewCell.swift; sourceTree = "<group>"; };
		A387154C1F5F8103004E0AB0 /* Virtual Tourist.app */ = {isa = PBXFileReference; explicitFileType = wrapper.application; includeInIndex = 0; path = "Virtual Tourist.app"; sourceTree = BUILT_PRODUCTS_DIR; };
		A387154F1F5F8103004E0AB0 /* AppDelegate.swift */ = {isa = PBXFileReference; lastKnownFileType = sourcecode.swift; path = AppDelegate.swift; sourceTree = "<group>"; };
		A38715511F5F8103004E0AB0 /* MapViewController.swift */ = {isa = PBXFileReference; lastKnownFileType = sourcecode.swift; path = MapViewController.swift; sourceTree = "<group>"; };
		A38715541F5F8103004E0AB0 /* Base */ = {isa = PBXFileReference; lastKnownFileType = file.storyboard; name = Base; path = Base.lproj/Main.storyboard; sourceTree = "<group>"; };
		A38715571F5F8103004E0AB0 /* Virtual_Tourist.xcdatamodel */ = {isa = PBXFileReference; lastKnownFileType = wrapper.xcdatamodel; path = Virtual_Tourist.xcdatamodel; sourceTree = "<group>"; };
		A38715591F5F8103004E0AB0 /* Assets.xcassets */ = {isa = PBXFileReference; lastKnownFileType = folder.assetcatalog; path = Assets.xcassets; sourceTree = "<group>"; };
		A387155C1F5F8103004E0AB0 /* Base */ = {isa = PBXFileReference; lastKnownFileType = file.storyboard; name = Base; path = Base.lproj/LaunchScreen.storyboard; sourceTree = "<group>"; };
		A387155E1F5F8103004E0AB0 /* Info.plist */ = {isa = PBXFileReference; lastKnownFileType = text.plist.xml; path = Info.plist; sourceTree = "<group>"; };
		A38715671F5F82CD004E0AB0 /* MapKit.framework */ = {isa = PBXFileReference; lastKnownFileType = wrapper.framework; name = MapKit.framework; path = System/Library/Frameworks/MapKit.framework; sourceTree = SDKROOT; };
/* End PBXFileReference section */

/* Begin PBXFrameworksBuildPhase section */
		A38715491F5F8103004E0AB0 /* Frameworks */ = {
			isa = PBXFrameworksBuildPhase;
			buildActionMask = 2147483647;
			files = (
				A349B9DB1F6182E2003B01B1 /* CoreData.framework in Frameworks */,
				A38715681F5F82CD004E0AB0 /* MapKit.framework in Frameworks */,
			);
			runOnlyForDeploymentPostprocessing = 0;
		};
/* End PBXFrameworksBuildPhase section */

/* Begin PBXGroup section */
		A349B9BD1F616753003B01B1 /* Model */ = {
			isa = PBXGroup;
			children = (
				A349B9EC1F618BC7003B01B1 /* CoreDataStack.swift */,
				A349B9E41F618472003B01B1 /* Photo+CoreDataClass.swift */,
				A349B9E51F618472003B01B1 /* Photo+CoreDataProperties.swift */,
				A349B9E61F618472003B01B1 /* Pin+CoreDataClass.swift */,
				A349B9E71F618472003B01B1 /* Pin+CoreDataProperties.swift */,
				A38715561F5F8103004E0AB0 /* Virtual_Tourist.xcdatamodeld */,
				A349B9BE1F616771003B01B1 /* Constants.swift */,
				A349B9C01F61686F003B01B1 /* FlickrClient.swift */,
				A349B9EE1F618C50003B01B1 /* TouristManager.swift */,
			);
			name = Model;
			sourceTree = "<group>";
		};
		A349B9F01F619290003B01B1 /* Views */ = {
			isa = PBXGroup;
			children = (
				A349B9F11F61946D003B01B1 /* AlbumPin.swift */,
				A349B9F51F61CF7D003B01B1 /* Dialogs.swift */,
				A349B9F71F64C478003B01B1 /* PhotoViewCell.swift */,
			);
			name = Views;
			sourceTree = "<group>";
		};
		A38715431F5F8103004E0AB0 = {
			isa = PBXGroup;
			children = (
				A387154E1F5F8103004E0AB0 /* Virtual Tourist */,
				A387154D1F5F8103004E0AB0 /* Products */,
				A38715661F5F82CC004E0AB0 /* Frameworks */,
			);
			sourceTree = "<group>";
		};
		A387154D1F5F8103004E0AB0 /* Products */ = {
			isa = PBXGroup;
			children = (
				A387154C1F5F8103004E0AB0 /* Virtual Tourist.app */,
			);
			name = Products;
			sourceTree = "<group>";
		};
		A387154E1F5F8103004E0AB0 /* Virtual Tourist */ = {
			isa = PBXGroup;
			children = (
				A38715651F5F817E004E0AB0 /* Controllers */,
				A349B9BD1F616753003B01B1 /* Model */,
				A349B9F01F619290003B01B1 /* Views */,
				A38715641F5F8172004E0AB0 /* Resources */,
				A387154F1F5F8103004E0AB0 /* AppDelegate.swift */,
				A387155E1F5F8103004E0AB0 /* Info.plist */,
			);
			path = "Virtual Tourist";
			sourceTree = "<group>";
		};
		A38715641F5F8172004E0AB0 /* Resources */ = {
			isa = PBXGroup;
			children = (
				A38715531F5F8103004E0AB0 /* Main.storyboard */,
				A38715591F5F8103004E0AB0 /* Assets.xcassets */,
				A387155B1F5F8103004E0AB0 /* LaunchScreen.storyboard */,
			);
			name = Resources;
			sourceTree = "<group>";
		};
		A38715651F5F817E004E0AB0 /* Controllers */ = {
			isa = PBXGroup;
			children = (
				A38715511F5F8103004E0AB0 /* MapViewController.swift */,
				A349B9F31F61C25C003B01B1 /* PhotoAlbumViewController.swift */,
			);
			name = Controllers;
			sourceTree = "<group>";
		};
		A38715661F5F82CC004E0AB0 /* Frameworks */ = {
			isa = PBXGroup;
			children = (
				A349B9DA1F6182E2003B01B1 /* CoreData.framework */,
				A38715671F5F82CD004E0AB0 /* MapKit.framework */,
			);
			name = Frameworks;
			sourceTree = "<group>";
		};
/* End PBXGroup section */

/* Begin PBXNativeTarget section */
		A387154B1F5F8103004E0AB0 /* Virtual Tourist */ = {
			isa = PBXNativeTarget;
			buildConfigurationList = A38715611F5F8103004E0AB0 /* Build configuration list for PBXNativeTarget "Virtual Tourist" */;
			buildPhases = (
				A38715481F5F8103004E0AB0 /* Sources */,
				A38715491F5F8103004E0AB0 /* Frameworks */,
				A387154A1F5F8103004E0AB0 /* Resources */,
			);
			buildRules = (
			);
			dependencies = (
			);
			name = "Virtual Tourist";
			productName = "Virtual Tourist";
			productReference = A387154C1F5F8103004E0AB0 /* Virtual Tourist.app */;
			productType = "com.apple.product-type.application";
		};
/* End PBXNativeTarget section */

/* Begin PBXProject section */
		A38715441F5F8103004E0AB0 /* Project object */ = {
			isa = PBXProject;
			attributes = {
				LastSwiftUpdateCheck = 0830;
				LastUpgradeCheck = 0830;
				ORGANIZATIONNAME = "Leonardo Simas";
				TargetAttributes = {
					A387154B1F5F8103004E0AB0 = {
						CreatedOnToolsVersion = 8.3.2;
						ProvisioningStyle = Automatic;
					};
				};
			};
			buildConfigurationList = A38715471F5F8103004E0AB0 /* Build configuration list for PBXProject "Virtual Tourist" */;
			compatibilityVersion = "Xcode 3.2";
			developmentRegion = English;
			hasScannedForEncodings = 0;
			knownRegions = (
				en,
				Base,
			);
			mainGroup = A38715431F5F8103004E0AB0;
			productRefGroup = A387154D1F5F8103004E0AB0 /* Products */;
			projectDirPath = "";
			projectRoot = "";
			targets = (
				A387154B1F5F8103004E0AB0 /* Virtual Tourist */,
			);
		};
/* End PBXProject section */

/* Begin PBXResourcesBuildPhase section */
		A387154A1F5F8103004E0AB0 /* Resources */ = {
			isa = PBXResourcesBuildPhase;
			buildActionMask = 2147483647;
			files = (
				A387155D1F5F8103004E0AB0 /* LaunchScreen.storyboard in Resources */,
				A387155A1F5F8103004E0AB0 /* Assets.xcassets in Resources */,
				A38715551F5F8103004E0AB0 /* Main.storyboard in Resources */,
			);
			runOnlyForDeploymentPostprocessing = 0;
		};
/* End PBXResourcesBuildPhase section */

/* Begin PBXSourcesBuildPhase section */
		A38715481F5F8103004E0AB0 /* Sources */ = {
			isa = PBXSourcesBuildPhase;
			buildActionMask = 2147483647;
			files = (
				A349B9E91F618472003B01B1 /* Photo+CoreDataProperties.swift in Sources */,
				A349B9F61F61CF7D003B01B1 /* Dialogs.swift in Sources */,
				A349B9EB1F618472003B01B1 /* Pin+CoreDataProperties.swift in Sources */,
				A349B9F41F61C25C003B01B1 /* PhotoAlbumViewController.swift in Sources */,
				A349B9E81F618472003B01B1 /* Photo+CoreDataClass.swift in Sources */,
				A349B9EF1F618C50003B01B1 /* TouristManager.swift in Sources */,
				A38715521F5F8103004E0AB0 /* MapViewController.swift in Sources */,
				A349B9C11F61686F003B01B1 /* FlickrClient.swift in Sources */,
				A349B9ED1F618BC7003B01B1 /* CoreDataStack.swift in Sources */,
				A38715581F5F8103004E0AB0 /* Virtual_Tourist.xcdatamodeld in Sources */,
				A349B9EA1F618472003B01B1 /* Pin+CoreDataClass.swift in Sources */,
				A349B9F21F61946D003B01B1 /* AlbumPin.swift in Sources */,
				A38715501F5F8103004E0AB0 /* AppDelegate.swift in Sources */,
				A349B9BF1F616771003B01B1 /* Constants.swift in Sources */,
				A349B9F81F64C478003B01B1 /* PhotoViewCell.swift in Sources */,
			);
			runOnlyForDeploymentPostprocessing = 0;
		};
/* End PBXSourcesBuildPhase section */

/* Begin PBXVariantGroup section */
		A38715531F5F8103004E0AB0 /* Main.storyboard */ = {
			isa = PBXVariantGroup;
			children = (
				A38715541F5F8103004E0AB0 /* Base */,
			);
			name = Main.storyboard;
			sourceTree = "<group>";
		};
		A387155B1F5F8103004E0AB0 /* LaunchScreen.storyboard */ = {
			isa = PBXVariantGroup;
			children = (
				A387155C1F5F8103004E0AB0 /* Base */,
			);
			name = LaunchScreen.storyboard;
			sourceTree = "<group>";
		};
/* End PBXVariantGroup section */

/* Begin XCBuildConfiguration section */
		A387155F1F5F8103004E0AB0 /* Debug */ = {
			isa = XCBuildConfiguration;
			buildSettings = {
				ALWAYS_SEARCH_USER_PATHS = NO;
				CLANG_ANALYZER_NONNULL = YES;
				CLANG_ANALYZER_NUMBER_OBJECT_CONVERSION = YES_AGGRESSIVE;
				CLANG_CXX_LANGUAGE_STANDARD = "gnu++0x";
				CLANG_CXX_LIBRARY = "libc++";
				CLANG_ENABLE_MODULES = YES;
				CLANG_ENABLE_OBJC_ARC = YES;
				CLANG_WARN_BOOL_CONVERSION = YES;
				CLANG_WARN_CONSTANT_CONVERSION = YES;
				CLANG_WARN_DIRECT_OBJC_ISA_USAGE = YES_ERROR;
				CLANG_WARN_DOCUMENTATION_COMMENTS = YES;
				CLANG_WARN_EMPTY_BODY = YES;
				CLANG_WARN_ENUM_CONVERSION = YES;
				CLANG_WARN_INFINITE_RECURSION = YES;
				CLANG_WARN_INT_CONVERSION = YES;
				CLANG_WARN_OBJC_ROOT_CLASS = YES_ERROR;
				CLANG_WARN_SUSPICIOUS_MOVE = YES;
				CLANG_WARN_UNREACHABLE_CODE = YES;
				CLANG_WARN__DUPLICATE_METHOD_MATCH = YES;
				"CODE_SIGN_IDENTITY[sdk=iphoneos*]" = "iPhone Developer";
				COPY_PHASE_STRIP = NO;
				DEBUG_INFORMATION_FORMAT = dwarf;
				ENABLE_STRICT_OBJC_MSGSEND = YES;
				ENABLE_TESTABILITY = YES;
				GCC_C_LANGUAGE_STANDARD = gnu99;
				GCC_DYNAMIC_NO_PIC = NO;
				GCC_NO_COMMON_BLOCKS = YES;
				GCC_OPTIMIZATION_LEVEL = 0;
				GCC_PREPROCESSOR_DEFINITIONS = (
					"DEBUG=1",
					"$(inherited)",
				);
				GCC_WARN_64_TO_32_BIT_CONVERSION = YES;
				GCC_WARN_ABOUT_RETURN_TYPE = YES_ERROR;
				GCC_WARN_UNDECLARED_SELECTOR = YES;
				GCC_WARN_UNINITIALIZED_AUTOS = YES_AGGRESSIVE;
				GCC_WARN_UNUSED_FUNCTION = YES;
				GCC_WARN_UNUSED_VARIABLE = YES;
				IPHONEOS_DEPLOYMENT_TARGET = 10.3;
				MTL_ENABLE_DEBUG_INFO = YES;
				ONLY_ACTIVE_ARCH = YES;
				SDKROOT = iphoneos;
				SWIFT_ACTIVE_COMPILATION_CONDITIONS = DEBUG;
				SWIFT_OPTIMIZATION_LEVEL = "-Onone";
				TARGETED_DEVICE_FAMILY = "1,2";
			};
			name = Debug;
		};
		A38715601F5F8103004E0AB0 /* Release */ = {
			isa = XCBuildConfiguration;
			buildSettings = {
				ALWAYS_SEARCH_USER_PATHS = NO;
				CLANG_ANALYZER_NONNULL = YES;
				CLANG_ANALYZER_NUMBER_OBJECT_CONVERSION = YES_AGGRESSIVE;
				CLANG_CXX_LANGUAGE_STANDARD = "gnu++0x";
				CLANG_CXX_LIBRARY = "libc++";
				CLANG_ENABLE_MODULES = YES;
				CLANG_ENABLE_OBJC_ARC = YES;
				CLANG_WARN_BOOL_CONVERSION = YES;
				CLANG_WARN_CONSTANT_CONVERSION = YES;
				CLANG_WARN_DIRECT_OBJC_ISA_USAGE = YES_ERROR;
				CLANG_WARN_DOCUMENTATION_COMMENTS = YES;
				CLANG_WARN_EMPTY_BODY = YES;
				CLANG_WARN_ENUM_CONVERSION = YES;
				CLANG_WARN_INFINITE_RECURSION = YES;
				CLANG_WARN_INT_CONVERSION = YES;
				CLANG_WARN_OBJC_ROOT_CLASS = YES_ERROR;
				CLANG_WARN_SUSPICIOUS_MOVE = YES;
				CLANG_WARN_UNREACHABLE_CODE = YES;
				CLANG_WARN__DUPLICATE_METHOD_MATCH = YES;
				"CODE_SIGN_IDENTITY[sdk=iphoneos*]" = "iPhone Developer";
				COPY_PHASE_STRIP = NO;
				DEBUG_INFORMATION_FORMAT = "dwarf-with-dsym";
				ENABLE_NS_ASSERTIONS = NO;
				ENABLE_STRICT_OBJC_MSGSEND = YES;
				GCC_C_LANGUAGE_STANDARD = gnu99;
				GCC_NO_COMMON_BLOCKS = YES;
				GCC_WARN_64_TO_32_BIT_CONVERSION = YES;
				GCC_WARN_ABOUT_RETURN_TYPE = YES_ERROR;
				GCC_WARN_UNDECLARED_SELECTOR = YES;
				GCC_WARN_UNINITIALIZED_AUTOS = YES_AGGRESSIVE;
				GCC_WARN_UNUSED_FUNCTION = YES;
				GCC_WARN_UNUSED_VARIABLE = YES;
				IPHONEOS_DEPLOYMENT_TARGET = 10.3;
				MTL_ENABLE_DEBUG_INFO = NO;
				SDKROOT = iphoneos;
				SWIFT_OPTIMIZATION_LEVEL = "-Owholemodule";
				TARGETED_DEVICE_FAMILY = "1,2";
				VALIDATE_PRODUCT = YES;
			};
			name = Release;
		};
		A38715621F5F8103004E0AB0 /* Debug */ = {
			isa = XCBuildConfiguration;
			buildSettings = {
				ASSETCATALOG_COMPILER_APPICON_NAME = AppIcon;
				INFOPLIST_FILE = "Virtual Tourist/Info.plist";
				LD_RUNPATH_SEARCH_PATHS = "$(inherited) @executable_path/Frameworks";
				PRODUCT_BUNDLE_IDENTIFIER = "com.simas.leonardo.Virtual-Tourist";
				PRODUCT_NAME = "$(TARGET_NAME)";
				SWIFT_VERSION = 3.0;
			};
			name = Debug;
		};
		A38715631F5F8103004E0AB0 /* Release */ = {
			isa = XCBuildConfiguration;
			buildSettings = {
				ASSETCATALOG_COMPILER_APPICON_NAME = AppIcon;
				INFOPLIST_FILE = "Virtual Tourist/Info.plist";
				LD_RUNPATH_SEARCH_PATHS = "$(inherited) @executable_path/Frameworks";
				PRODUCT_BUNDLE_IDENTIFIER = "com.simas.leonardo.Virtual-Tourist";
				PRODUCT_NAME = "$(TARGET_NAME)";
				SWIFT_VERSION = 3.0;
			};
			name = Release;
		};
/* End XCBuildConfiguration section */

/* Begin XCConfigurationList section */
		A38715471F5F8103004E0AB0 /* Build configuration list for PBXProject "Virtual Tourist" */ = {
			isa = XCConfigurationList;
			buildConfigurations = (
				A387155F1F5F8103004E0AB0 /* Debug */,
				A38715601F5F8103004E0AB0 /* Release */,
			);
			defaultConfigurationIsVisible = 0;
			defaultConfigurationName = Release;
		};
		A38715611F5F8103004E0AB0 /* Build configuration list for PBXNativeTarget "Virtual Tourist" */ = {
			isa = XCConfigurationList;
			buildConfigurations = (
				A38715621F5F8103004E0AB0 /* Debug */,
				A38715631F5F8103004E0AB0 /* Release */,
			);
			defaultConfigurationIsVisible = 0;
			defaultConfigurationName = Release;
		};
/* End XCConfigurationList section */

/* Begin XCVersionGroup section */
		A38715561F5F8103004E0AB0 /* Virtual_Tourist.xcdatamodeld */ = {
			isa = XCVersionGroup;
			children = (
				A38715571F5F8103004E0AB0 /* Virtual_Tourist.xcdatamodel */,
			);
			currentVersion = A38715571F5F8103004E0AB0 /* Virtual_Tourist.xcdatamodel */;
			path = Virtual_Tourist.xcdatamodeld;
			sourceTree = "<group>";
			versionGroupType = wrapper.xcdatamodel;
		};
/* End XCVersionGroup section */
	};
	rootObject = A38715441F5F8103004E0AB0 /* Project object */;
}
